
Microsoft Visual Studio Solution File, Format Version 12.00
# Visual Studio Version 17
VisualStudioVersion = 17.13.35931.197 d17.13
MinimumVisualStudioVersion = 10.0.40219.1
Project("{8BC9CEB8-8B4A-11D0-8D11-00A0C91BC942}") = "HW01", "HW01\HW01.vcxproj", "{A46B9AA2-D506-492C-B2D6-6776FC70497B}"
EndProject
Global
	GlobalSection(SolutionConfigurationPlatforms) = preSolution
		Debug|x64 = Debug|x64
		Debug|x86 = Debug|x86
		Release|x64 = Release|x64
		Release|x86 = Release|x86
	EndGlobalSection
	GlobalSection(ProjectConfigurationPlatforms) = postSolution
		{A46B9AA2-D506-492C-B2D6-6776FC70497B}.Debug|x64.ActiveCfg = Debug|x64
		{A46B9AA2-D506-492C-B2D6-6776FC70497B}.Debug|x64.Build.0 = Debug|x64
		{A46B9AA2-D506-492C-B2D6-6776FC70497B}.Debug|x86.ActiveCfg = Debug|Win32
		{A46B9AA2-D506-492C-B2D6-6776FC70497B}.Debug|x86.Build.0 = Debug|Win32
		{A46B9AA2-D506-492C-B2D6-6776FC70497B}.Release|x64.ActiveCfg = Release|x64
		{A46B9AA2-D506-492C-B2D6-6776FC70497B}.Release|x64.Build.0 = Release|x64
		{A46B9AA2-D506-492C-B2D6-6776FC70497B}.Release|x86.ActiveCfg = Release|Win32
		{A46B9AA2-D506-492C-B2D6-6776FC70497B}.Release|x86.Build.0 = Release|Win32
	EndGlobalSection
	GlobalSection(SolutionProperties) = preSolution
		HideSolutionNode = FALSE
	EndGlobalSection
	GlobalSection(ExtensibilityGlobals) = postSolution
		SolutionGuid = {67A7C952-6FFE-4398-9997-4505E78F1C86}
	EndGlobalSection
EndGlobal
